
Microsoft Visual Studio Solution File, Format Version 11.00
# Visual Studio 2010
Project("{2150E333-8FDC-42A3-9474-1A3956D46DE8}") = "Solution Items", "Solution Items", "{02B6F50A-0E26-4E48-B0E8-1F48CF524A46}"
	ProjectSection(SolutionItems) = preProject
		..\scripts\build.proj = ..\scripts\build.proj
	EndProjectSection
EndProject
Global
	GlobalSection(SolutionProperties) = preSolution
		HideSolutionNode = FALSE
	EndGlobalSection
EndGlobal
